
Microsoft Visual Studio Solution File, Format Version 12.00
# Visual Studio Version 16
VisualStudioVersion = 16.0.31424.327
MinimumVisualStudioVersion = 10.0.40219.1
Project("{FAE04EC0-301F-11D3-BF4B-00C04F79EFBC}") = "CalcTask", "CalcTask\CalcTask.csproj", "{1A55EB0A-4A84-46AD-B7A5-3B4273ACB066}"
EndProject
Global
	GlobalSection(SolutionConfigurationPlatforms) = preSolution
		Debug|Any CPU = Debug|Any CPU
		Release|Any CPU = Release|Any CPU
	EndGlobalSection
	GlobalSection(ProjectConfigurationPlatforms) = postSolution
		{1A55EB0A-4A84-46AD-B7A5-3B4273ACB066}.Debug|Any CPU.ActiveCfg = Debug|Any CPU
		{1A55EB0A-4A84-46AD-B7A5-3B4273ACB066}.Debug|Any CPU.Build.0 = Debug|Any CPU
		{1A55EB0A-4A84-46AD-B7A5-3B4273ACB066}.Release|Any CPU.ActiveCfg = Release|Any CPU
		{1A55EB0A-4A84-46AD-B7A5-3B4273ACB066}.Release|Any CPU.Build.0 = Release|Any CPU
	EndGlobalSection
	GlobalSection(SolutionProperties) = preSolution
		HideSolutionNode = FALSE
	EndGlobalSection
	GlobalSection(ExtensibilityGlobals) = postSolution
		SolutionGuid = {16489B38-60B0-419A-BB3D-04FA65CD29A3}
	EndGlobalSection
EndGlobal
